
Microsoft Visual Studio Solution File, Format Version 12.00
# Visual Studio Version 17
VisualStudioVersion = 17.9.34723.18
MinimumVisualStudioVersion = 10.0.40219.1
Project("{FAE04EC0-301F-11D3-BF4B-00C04F79EFBC}") = "DCompress", "DCompress\DCompress.csproj", "{52180D41-7FF2-479E-9087-516673404E72}"
EndProject
Global
	GlobalSection(SolutionConfigurationPlatforms) = preSolution
		Debug|Any CPU = Debug|Any CPU
		Release|Any CPU = Release|Any CPU
	EndGlobalSection
	GlobalSection(ProjectConfigurationPlatforms) = postSolution
		{52180D41-7FF2-479E-9087-516673404E72}.Debug|Any CPU.ActiveCfg = Debug|Any CPU
		{52180D41-7FF2-479E-9087-516673404E72}.Debug|Any CPU.Build.0 = Debug|Any CPU
		{52180D41-7FF2-479E-9087-516673404E72}.Release|Any CPU.ActiveCfg = Release|Any CPU
		{52180D41-7FF2-479E-9087-516673404E72}.Release|Any CPU.Build.0 = Release|Any CPU
	EndGlobalSection
	GlobalSection(SolutionProperties) = preSolution
		HideSolutionNode = FALSE
	EndGlobalSection
	GlobalSection(ExtensibilityGlobals) = postSolution
		SolutionGuid = {CC56F968-EFD7-416E-9A6E-341F2B8ACCBF}
	EndGlobalSection
EndGlobal
